
Microsoft Visual Studio Solution File, Format Version 12.00
# Visual Studio Version 16
VisualStudioVersion = 16.0.31702.278
MinimumVisualStudioVersion = 10.0.40219.1
Project("{FAE04EC0-301F-11D3-BF4B-00C04F79EFBC}") = "Usecase9_View_Person_By_City", "Usecase9_View_Person_By_City\Usecase9_View_Person_By_City.csproj", "{DA90F456-0E0A-4E45-BF0B-194F85BF13CB}"
EndProject
Global
	GlobalSection(SolutionConfigurationPlatforms) = preSolution
		Debug|Any CPU = Debug|Any CPU
		Release|Any CPU = Release|Any CPU
	EndGlobalSection
	GlobalSection(ProjectConfigurationPlatforms) = postSolution
		{DA90F456-0E0A-4E45-BF0B-194F85BF13CB}.Debug|Any CPU.ActiveCfg = Debug|Any CPU
		{DA90F456-0E0A-4E45-BF0B-194F85BF13CB}.Debug|Any CPU.Build.0 = Debug|Any CPU
		{DA90F456-0E0A-4E45-BF0B-194F85BF13CB}.Release|Any CPU.ActiveCfg = Release|Any CPU
		{DA90F456-0E0A-4E45-BF0B-194F85BF13CB}.Release|Any CPU.Build.0 = Release|Any CPU
	EndGlobalSection
	GlobalSection(SolutionProperties) = preSolution
		HideSolutionNode = FALSE
	EndGlobalSection
	GlobalSection(ExtensibilityGlobals) = postSolution
		SolutionGuid = {78522095-1C81-4620-8DFA-0F619E83C0E1}
	EndGlobalSection
EndGlobal
