
Microsoft Visual Studio Solution File, Format Version 12.00
# Visual Studio Version 16
VisualStudioVersion = 16.0.31702.278
MinimumVisualStudioVersion = 10.0.40219.1
Project("{FAE04EC0-301F-11D3-BF4B-00C04F79EFBC}") = "Usecase13FileIO", "Usecase13FileIO\Usecase13FileIO.csproj", "{5623022C-8C5F-4516-8684-932EA0AEA759}"
EndProject
Global
	GlobalSection(SolutionConfigurationPlatforms) = preSolution
		Debug|Any CPU = Debug|Any CPU
		Release|Any CPU = Release|Any CPU
	EndGlobalSection
	GlobalSection(ProjectConfigurationPlatforms) = postSolution
		{5623022C-8C5F-4516-8684-932EA0AEA759}.Debug|Any CPU.ActiveCfg = Debug|Any CPU
		{5623022C-8C5F-4516-8684-932EA0AEA759}.Debug|Any CPU.Build.0 = Debug|Any CPU
		{5623022C-8C5F-4516-8684-932EA0AEA759}.Release|Any CPU.ActiveCfg = Release|Any CPU
		{5623022C-8C5F-4516-8684-932EA0AEA759}.Release|Any CPU.Build.0 = Release|Any CPU
	EndGlobalSection
	GlobalSection(SolutionProperties) = preSolution
		HideSolutionNode = FALSE
	EndGlobalSection
	GlobalSection(ExtensibilityGlobals) = postSolution
		SolutionGuid = {44F90E5E-B4F7-43C4-A638-6E45934484A9}
	EndGlobalSection
EndGlobal
