
Microsoft Visual Studio Solution File, Format Version 12.00
# Visual Studio Version 16
VisualStudioVersion = 16.0.31702.278
MinimumVisualStudioVersion = 10.0.40219.1
Project("{FAE04EC0-301F-11D3-BF4B-00C04F79EFBC}") = "AddressBookUC4", "AddressBookUC4\AddressBookUC4.csproj", "{2FBE377B-89F9-43FF-ABA0-4DCCD4594D5E}"
EndProject
Global
	GlobalSection(SolutionConfigurationPlatforms) = preSolution
		Debug|Any CPU = Debug|Any CPU
		Release|Any CPU = Release|Any CPU
	EndGlobalSection
	GlobalSection(ProjectConfigurationPlatforms) = postSolution
		{2FBE377B-89F9-43FF-ABA0-4DCCD4594D5E}.Debug|Any CPU.ActiveCfg = Debug|Any CPU
		{2FBE377B-89F9-43FF-ABA0-4DCCD4594D5E}.Debug|Any CPU.Build.0 = Debug|Any CPU
		{2FBE377B-89F9-43FF-ABA0-4DCCD4594D5E}.Release|Any CPU.ActiveCfg = Release|Any CPU
		{2FBE377B-89F9-43FF-ABA0-4DCCD4594D5E}.Release|Any CPU.Build.0 = Release|Any CPU
	EndGlobalSection
	GlobalSection(SolutionProperties) = preSolution
		HideSolutionNode = FALSE
	EndGlobalSection
	GlobalSection(ExtensibilityGlobals) = postSolution
		SolutionGuid = {B2484C50-78D5-4CE9-B256-1F661E13A568}
	EndGlobalSection
EndGlobal
