
Microsoft Visual Studio Solution File, Format Version 12.00
# Visual Studio Version 16
VisualStudioVersion = 16.0.31702.278
MinimumVisualStudioVersion = 10.0.40219.1
Project("{FAE04EC0-301F-11D3-BF4B-00C04F79EFBC}") = "AddressBookUC5", "AddressBookUC5\AddressBookUC5.csproj", "{9C8523C8-8F87-4FF4-BBBA-05CF74F4AFFB}"
EndProject
Global
	GlobalSection(SolutionConfigurationPlatforms) = preSolution
		Debug|Any CPU = Debug|Any CPU
		Release|Any CPU = Release|Any CPU
	EndGlobalSection
	GlobalSection(ProjectConfigurationPlatforms) = postSolution
		{9C8523C8-8F87-4FF4-BBBA-05CF74F4AFFB}.Debug|Any CPU.ActiveCfg = Debug|Any CPU
		{9C8523C8-8F87-4FF4-BBBA-05CF74F4AFFB}.Debug|Any CPU.Build.0 = Debug|Any CPU
		{9C8523C8-8F87-4FF4-BBBA-05CF74F4AFFB}.Release|Any CPU.ActiveCfg = Release|Any CPU
		{9C8523C8-8F87-4FF4-BBBA-05CF74F4AFFB}.Release|Any CPU.Build.0 = Release|Any CPU
	EndGlobalSection
	GlobalSection(SolutionProperties) = preSolution
		HideSolutionNode = FALSE
	EndGlobalSection
	GlobalSection(ExtensibilityGlobals) = postSolution
		SolutionGuid = {7707E700-D784-4BD4-848B-FBF43511418E}
	EndGlobalSection
EndGlobal
